
Microsoft Visual Studio Solution File, Format Version 12.00
# Visual Studio Version 16
VisualStudioVersion = 16.0.30204.135
MinimumVisualStudioVersion = 10.0.40219.1
Project("{9A19103F-16F7-4668-BE54-9A1E7A4F7556}") = "EcartApplication", "EcartApplication.csproj", "{F8FE7D37-7A12-49C8-BCBC-35F0A4237847}"
EndProject
Project("{FAE04EC0-301F-11D3-BF4B-00C04F79EFBC}") = "EcartApplication.UnitTest", "..\EcartApplication.UnitTest\EcartApplication.UnitTest.csproj", "{450AB14B-380B-4574-8733-357F72463FFA}"
EndProject
Global
	GlobalSection(SolutionConfigurationPlatforms) = preSolution
		Debug|Any CPU = Debug|Any CPU
		Release|Any CPU = Release|Any CPU
	EndGlobalSection
	GlobalSection(ProjectConfigurationPlatforms) = postSolution
		{F8FE7D37-7A12-49C8-BCBC-35F0A4237847}.Debug|Any CPU.ActiveCfg = Debug|Any CPU
		{F8FE7D37-7A12-49C8-BCBC-35F0A4237847}.Debug|Any CPU.Build.0 = Debug|Any CPU
		{F8FE7D37-7A12-49C8-BCBC-35F0A4237847}.Release|Any CPU.ActiveCfg = Release|Any CPU
		{F8FE7D37-7A12-49C8-BCBC-35F0A4237847}.Release|Any CPU.Build.0 = Release|Any CPU
		{450AB14B-380B-4574-8733-357F72463FFA}.Debug|Any CPU.ActiveCfg = Debug|Any CPU
		{450AB14B-380B-4574-8733-357F72463FFA}.Debug|Any CPU.Build.0 = Debug|Any CPU
		{450AB14B-380B-4574-8733-357F72463FFA}.Release|Any CPU.ActiveCfg = Release|Any CPU
		{450AB14B-380B-4574-8733-357F72463FFA}.Release|Any CPU.Build.0 = Release|Any CPU
	EndGlobalSection
	GlobalSection(SolutionProperties) = preSolution
		HideSolutionNode = FALSE
	EndGlobalSection
	GlobalSection(ExtensibilityGlobals) = postSolution
		SolutionGuid = {E52E1DDC-EA9A-4EC9-B820-C0C24FAC7BEB}
	EndGlobalSection
EndGlobal
